
Microsoft Visual Studio Solution File, Format Version 12.00
# Visual Studio Version 17
VisualStudioVersion = 17.3.32922.545
MinimumVisualStudioVersion = 10.0.40219.1
Project("{FAE04EC0-301F-11D3-BF4B-00C04F79EFBC}") = "Double_Linked_List", "Double_Linked_List\Double_Linked_List.csproj", "{EBC7492D-6D10-40DC-BCFB-C5E711BAA654}"
EndProject
Global
	GlobalSection(SolutionConfigurationPlatforms) = preSolution
		Debug|Any CPU = Debug|Any CPU
		Release|Any CPU = Release|Any CPU
	EndGlobalSection
	GlobalSection(ProjectConfigurationPlatforms) = postSolution
		{EBC7492D-6D10-40DC-BCFB-C5E711BAA654}.Debug|Any CPU.ActiveCfg = Debug|Any CPU
		{EBC7492D-6D10-40DC-BCFB-C5E711BAA654}.Debug|Any CPU.Build.0 = Debug|Any CPU
		{EBC7492D-6D10-40DC-BCFB-C5E711BAA654}.Release|Any CPU.ActiveCfg = Release|Any CPU
		{EBC7492D-6D10-40DC-BCFB-C5E711BAA654}.Release|Any CPU.Build.0 = Release|Any CPU
	EndGlobalSection
	GlobalSection(SolutionProperties) = preSolution
		HideSolutionNode = FALSE
	EndGlobalSection
	GlobalSection(ExtensibilityGlobals) = postSolution
		SolutionGuid = {62CBAEE9-CAB9-4C94-ABFB-AB7BABCC7BFC}
	EndGlobalSection
EndGlobal
